
Microsoft Visual Studio Solution File, Format Version 12.00
# Visual Studio Version 17
VisualStudioVersion = 17.2.32630.192
MinimumVisualStudioVersion = 10.0.40219.1
Project("{2150E333-8FDC-42A3-9474-1A3956D46DE8}") = "PicCard.Archive", "PicCard.Archive", "{47B18CFD-5A89-4EFD-B2D2-9EAFD70D73A5}"
EndProject
Project("{2150E333-8FDC-42A3-9474-1A3956D46DE8}") = "PicCard.Comment", "PicCard.Comment", "{9C648C9A-B79F-48A3-B874-4DA7273A7A5C}"
EndProject
Project("{2150E333-8FDC-42A3-9474-1A3956D46DE8}") = "PicCard.Event", "PicCard.Event", "{E5FF75E5-F2E9-42C7-AA32-A41522C1A40C}"
EndProject
Project("{2150E333-8FDC-42A3-9474-1A3956D46DE8}") = "PicCard.Identity", "PicCard.Identity", "{A98A5157-88FA-4114-9201-E01647100187}"
EndProject
Project("{2150E333-8FDC-42A3-9474-1A3956D46DE8}") = "PicCard.Notification", "PicCard.Notification", "{B2484FD4-F0C2-40DE-9EF8-7176E250D245}"
EndProject
Project("{2150E333-8FDC-42A3-9474-1A3956D46DE8}") = "PicCard.Photo", "PicCard.Photo", "{88083DC4-EBA2-48EA-BC6E-D1728BF8AFDB}"
EndProject
Project("{2150E333-8FDC-42A3-9474-1A3956D46DE8}") = "PicCard.Recommendation", "PicCard.Recommendation", "{E94F1FE9-1C89-4C28-8D13-CE84B4CC4B98}"
EndProject
Project("{2150E333-8FDC-42A3-9474-1A3956D46DE8}") = "PicCard.Social", "PicCard.Social", "{A13D7F8C-ED51-4F77-86FB-D6FE5292E4E4}"
EndProject
Project("{2150E333-8FDC-42A3-9474-1A3956D46DE8}") = "PicCard.Subscription", "PicCard.Subscription", "{BE2D1CC8-8766-440F-99B7-9AEC58F4B219}"
EndProject
Project("{2150E333-8FDC-42A3-9474-1A3956D46DE8}") = "src", "src", "{49479D4A-5750-43CD-BE8B-E39E9E2DB40A}"
EndProject
Project("{2150E333-8FDC-42A3-9474-1A3956D46DE8}") = "tests", "tests", "{AB0B9AE4-572F-404E-9ED0-02E642B36F43}"
EndProject
Project("{2150E333-8FDC-42A3-9474-1A3956D46DE8}") = "src", "src", "{C83372AA-D125-447A-AEF8-E4B3FDCC2556}"
EndProject
Project("{2150E333-8FDC-42A3-9474-1A3956D46DE8}") = "tests", "tests", "{833FBB15-3D8B-467B-A620-8311A05385AE}"
EndProject
Project("{2150E333-8FDC-42A3-9474-1A3956D46DE8}") = "src", "src", "{1CF103A1-EC7E-4BF7-90B2-3B096E64BB19}"
EndProject
Project("{2150E333-8FDC-42A3-9474-1A3956D46DE8}") = "tests", "tests", "{8CE80425-F501-456C-9D58-63AF5D9D331A}"
EndProject
Project("{2150E333-8FDC-42A3-9474-1A3956D46DE8}") = "src", "src", "{108C8AA3-CB13-4229-BA11-BF7A4EAF40FA}"
EndProject
Project("{2150E333-8FDC-42A3-9474-1A3956D46DE8}") = "tests", "tests", "{40EBD40D-E9D9-4D8D-B495-57B889F52D00}"
EndProject
Project("{2150E333-8FDC-42A3-9474-1A3956D46DE8}") = "src", "src", "{0ED1F68E-BA1E-4D3D-8EF7-EF6C09AF8D99}"
EndProject
Project("{2150E333-8FDC-42A3-9474-1A3956D46DE8}") = "tests", "tests", "{2ACCB197-09B6-4C1C-848F-079BC8DB469E}"
EndProject
Project("{2150E333-8FDC-42A3-9474-1A3956D46DE8}") = "src", "src", "{7E405C25-776F-42FE-B02C-EE46F720B1AE}"
EndProject
Project("{2150E333-8FDC-42A3-9474-1A3956D46DE8}") = "tests", "tests", "{F2D5D73B-25F4-47CF-8ADB-47BABA33ADE8}"
EndProject
Project("{2150E333-8FDC-42A3-9474-1A3956D46DE8}") = "src", "src", "{68E01BC7-57A0-4E88-8E48-FB29D50F491F}"
EndProject
Project("{2150E333-8FDC-42A3-9474-1A3956D46DE8}") = "tests", "tests", "{9D84AD3D-39D3-4BA4-B89F-0286B42252B1}"
EndProject
Project("{2150E333-8FDC-42A3-9474-1A3956D46DE8}") = "src", "src", "{29B781E9-97B3-4ED0-A068-B385B0B54945}"
EndProject
Project("{2150E333-8FDC-42A3-9474-1A3956D46DE8}") = "tests", "tests", "{D185457C-00CA-42DA-9A90-094E704F581F}"
EndProject
Project("{2150E333-8FDC-42A3-9474-1A3956D46DE8}") = "src", "src", "{3F267706-EF74-46CF-909F-DFC369949E30}"
EndProject
Project("{2150E333-8FDC-42A3-9474-1A3956D46DE8}") = "tests", "tests", "{8E511B3E-0899-4632-84F8-1EB650EF992C}"
EndProject
Project("{9A19103F-16F7-4668-BE54-9A1E7A4F7556}") = "PicCard.Archive.Api", "..\PicCard.Archive\src\PicCard.Archive.Api\PicCard.Archive.Api.csproj", "{2F02A12A-89C6-47E4-9B4F-034D9883E79E}"
EndProject
Project("{9A19103F-16F7-4668-BE54-9A1E7A4F7556}") = "PicCard.Comment.Api", "..\PicCard.Comment\src\PicCard.Comment.Api\PicCard.Comment.Api.csproj", "{0CEB5431-5B80-4B3C-902D-D5009721660C}"
EndProject
Project("{9A19103F-16F7-4668-BE54-9A1E7A4F7556}") = "PicCard.Event.Api", "..\PicCard.Event\src\PicCard.Event.Api\PicCard.Event.Api.csproj", "{5BCDB4D4-BCE5-4336-BDFF-B80F359EB4C7}"
EndProject
Project("{9A19103F-16F7-4668-BE54-9A1E7A4F7556}") = "PicCard.Identity.Api", "..\PicCard.Identity\src\PicCard.Identity.Api\PicCard.Identity.Api.csproj", "{B61FB97D-BE29-4A84-B5D9-7870C1D056DA}"
EndProject
Project("{9A19103F-16F7-4668-BE54-9A1E7A4F7556}") = "PicCard.Notification.Api", "..\PicCard.Notification\src\PicCard.Notification.Api\PicCard.Notification.Api.csproj", "{7C21FE82-41FF-4CCD-9BA9-D9CDFFFED2AC}"
EndProject
Project("{9A19103F-16F7-4668-BE54-9A1E7A4F7556}") = "PicCard.Photo.Api", "..\PicCard.Photo\src\PicCard.Photo.Api\PicCard.Photo.Api.csproj", "{2382626D-305D-4744-AE40-DF99D68448D1}"
EndProject
Project("{9A19103F-16F7-4668-BE54-9A1E7A4F7556}") = "PicCard.Recommendation.Api", "..\PicCard.Recommendation\src\PicCard.Recommendation.Api\PicCard.Recommendation.Api.csproj", "{72614254-728C-44B4-B294-857382287220}"
EndProject
Project("{9A19103F-16F7-4668-BE54-9A1E7A4F7556}") = "PicCard.Social.Api", "..\PicCard.Social\src\PicCard.Social.Api\PicCard.Social.Api.csproj", "{037608FA-E395-4795-9B1B-FE0D8F1812C9}"
EndProject
Project("{9A19103F-16F7-4668-BE54-9A1E7A4F7556}") = "PicCard.Subscription.Api", "..\PicCard.Subscription\src\PicCard.Subscription.Api\PicCard.Subscription.Api.csproj", "{5F289F24-5341-43AE-B0F8-8747C893CAE9}"
EndProject
Global
	GlobalSection(SolutionConfigurationPlatforms) = preSolution
		Debug|Any CPU = Debug|Any CPU
		Release|Any CPU = Release|Any CPU
	EndGlobalSection
	GlobalSection(ProjectConfigurationPlatforms) = postSolution
		{2F02A12A-89C6-47E4-9B4F-034D9883E79E}.Debug|Any CPU.ActiveCfg = Debug|Any CPU
		{2F02A12A-89C6-47E4-9B4F-034D9883E79E}.Debug|Any CPU.Build.0 = Debug|Any CPU
		{2F02A12A-89C6-47E4-9B4F-034D9883E79E}.Release|Any CPU.ActiveCfg = Release|Any CPU
		{2F02A12A-89C6-47E4-9B4F-034D9883E79E}.Release|Any CPU.Build.0 = Release|Any CPU
		{0CEB5431-5B80-4B3C-902D-D5009721660C}.Debug|Any CPU.ActiveCfg = Debug|Any CPU
		{0CEB5431-5B80-4B3C-902D-D5009721660C}.Debug|Any CPU.Build.0 = Debug|Any CPU
		{0CEB5431-5B80-4B3C-902D-D5009721660C}.Release|Any CPU.ActiveCfg = Release|Any CPU
		{0CEB5431-5B80-4B3C-902D-D5009721660C}.Release|Any CPU.Build.0 = Release|Any CPU
		{5BCDB4D4-BCE5-4336-BDFF-B80F359EB4C7}.Debug|Any CPU.ActiveCfg = Debug|Any CPU
		{5BCDB4D4-BCE5-4336-BDFF-B80F359EB4C7}.Debug|Any CPU.Build.0 = Debug|Any CPU
		{5BCDB4D4-BCE5-4336-BDFF-B80F359EB4C7}.Release|Any CPU.ActiveCfg = Release|Any CPU
		{5BCDB4D4-BCE5-4336-BDFF-B80F359EB4C7}.Release|Any CPU.Build.0 = Release|Any CPU
		{B61FB97D-BE29-4A84-B5D9-7870C1D056DA}.Debug|Any CPU.ActiveCfg = Debug|Any CPU
		{B61FB97D-BE29-4A84-B5D9-7870C1D056DA}.Debug|Any CPU.Build.0 = Debug|Any CPU
		{B61FB97D-BE29-4A84-B5D9-7870C1D056DA}.Release|Any CPU.ActiveCfg = Release|Any CPU
		{B61FB97D-BE29-4A84-B5D9-7870C1D056DA}.Release|Any CPU.Build.0 = Release|Any CPU
		{7C21FE82-41FF-4CCD-9BA9-D9CDFFFED2AC}.Debug|Any CPU.ActiveCfg = Debug|Any CPU
		{7C21FE82-41FF-4CCD-9BA9-D9CDFFFED2AC}.Debug|Any CPU.Build.0 = Debug|Any CPU
		{7C21FE82-41FF-4CCD-9BA9-D9CDFFFED2AC}.Release|Any CPU.ActiveCfg = Release|Any CPU
		{7C21FE82-41FF-4CCD-9BA9-D9CDFFFED2AC}.Release|Any CPU.Build.0 = Release|Any CPU
		{2382626D-305D-4744-AE40-DF99D68448D1}.Debug|Any CPU.ActiveCfg = Debug|Any CPU
		{2382626D-305D-4744-AE40-DF99D68448D1}.Debug|Any CPU.Build.0 = Debug|Any CPU
		{2382626D-305D-4744-AE40-DF99D68448D1}.Release|Any CPU.ActiveCfg = Release|Any CPU
		{2382626D-305D-4744-AE40-DF99D68448D1}.Release|Any CPU.Build.0 = Release|Any CPU
		{72614254-728C-44B4-B294-857382287220}.Debug|Any CPU.ActiveCfg = Debug|Any CPU
		{72614254-728C-44B4-B294-857382287220}.Debug|Any CPU.Build.0 = Debug|Any CPU
		{72614254-728C-44B4-B294-857382287220}.Release|Any CPU.ActiveCfg = Release|Any CPU
		{72614254-728C-44B4-B294-857382287220}.Release|Any CPU.Build.0 = Release|Any CPU
		{037608FA-E395-4795-9B1B-FE0D8F1812C9}.Debug|Any CPU.ActiveCfg = Debug|Any CPU
		{037608FA-E395-4795-9B1B-FE0D8F1812C9}.Debug|Any CPU.Build.0 = Debug|Any CPU
		{037608FA-E395-4795-9B1B-FE0D8F1812C9}.Release|Any CPU.ActiveCfg = Release|Any CPU
		{037608FA-E395-4795-9B1B-FE0D8F1812C9}.Release|Any CPU.Build.0 = Release|Any CPU
		{5F289F24-5341-43AE-B0F8-8747C893CAE9}.Debug|Any CPU.ActiveCfg = Debug|Any CPU
		{5F289F24-5341-43AE-B0F8-8747C893CAE9}.Debug|Any CPU.Build.0 = Debug|Any CPU
		{5F289F24-5341-43AE-B0F8-8747C893CAE9}.Release|Any CPU.ActiveCfg = Release|Any CPU
		{5F289F24-5341-43AE-B0F8-8747C893CAE9}.Release|Any CPU.Build.0 = Release|Any CPU
	EndGlobalSection
	GlobalSection(SolutionProperties) = preSolution
		HideSolutionNode = FALSE
	EndGlobalSection
	GlobalSection(NestedProjects) = preSolution
		{49479D4A-5750-43CD-BE8B-E39E9E2DB40A} = {47B18CFD-5A89-4EFD-B2D2-9EAFD70D73A5}
		{AB0B9AE4-572F-404E-9ED0-02E642B36F43} = {47B18CFD-5A89-4EFD-B2D2-9EAFD70D73A5}
		{C83372AA-D125-447A-AEF8-E4B3FDCC2556} = {9C648C9A-B79F-48A3-B874-4DA7273A7A5C}
		{833FBB15-3D8B-467B-A620-8311A05385AE} = {9C648C9A-B79F-48A3-B874-4DA7273A7A5C}
		{1CF103A1-EC7E-4BF7-90B2-3B096E64BB19} = {E5FF75E5-F2E9-42C7-AA32-A41522C1A40C}
		{8CE80425-F501-456C-9D58-63AF5D9D331A} = {E5FF75E5-F2E9-42C7-AA32-A41522C1A40C}
		{108C8AA3-CB13-4229-BA11-BF7A4EAF40FA} = {A98A5157-88FA-4114-9201-E01647100187}
		{40EBD40D-E9D9-4D8D-B495-57B889F52D00} = {A98A5157-88FA-4114-9201-E01647100187}
		{0ED1F68E-BA1E-4D3D-8EF7-EF6C09AF8D99} = {B2484FD4-F0C2-40DE-9EF8-7176E250D245}
		{2ACCB197-09B6-4C1C-848F-079BC8DB469E} = {B2484FD4-F0C2-40DE-9EF8-7176E250D245}
		{7E405C25-776F-42FE-B02C-EE46F720B1AE} = {88083DC4-EBA2-48EA-BC6E-D1728BF8AFDB}
		{F2D5D73B-25F4-47CF-8ADB-47BABA33ADE8} = {88083DC4-EBA2-48EA-BC6E-D1728BF8AFDB}
		{68E01BC7-57A0-4E88-8E48-FB29D50F491F} = {E94F1FE9-1C89-4C28-8D13-CE84B4CC4B98}
		{9D84AD3D-39D3-4BA4-B89F-0286B42252B1} = {E94F1FE9-1C89-4C28-8D13-CE84B4CC4B98}
		{29B781E9-97B3-4ED0-A068-B385B0B54945} = {A13D7F8C-ED51-4F77-86FB-D6FE5292E4E4}
		{D185457C-00CA-42DA-9A90-094E704F581F} = {A13D7F8C-ED51-4F77-86FB-D6FE5292E4E4}
		{3F267706-EF74-46CF-909F-DFC369949E30} = {BE2D1CC8-8766-440F-99B7-9AEC58F4B219}
		{8E511B3E-0899-4632-84F8-1EB650EF992C} = {BE2D1CC8-8766-440F-99B7-9AEC58F4B219}
		{2F02A12A-89C6-47E4-9B4F-034D9883E79E} = {49479D4A-5750-43CD-BE8B-E39E9E2DB40A}
		{0CEB5431-5B80-4B3C-902D-D5009721660C} = {C83372AA-D125-447A-AEF8-E4B3FDCC2556}
		{5BCDB4D4-BCE5-4336-BDFF-B80F359EB4C7} = {1CF103A1-EC7E-4BF7-90B2-3B096E64BB19}
		{B61FB97D-BE29-4A84-B5D9-7870C1D056DA} = {108C8AA3-CB13-4229-BA11-BF7A4EAF40FA}
		{7C21FE82-41FF-4CCD-9BA9-D9CDFFFED2AC} = {0ED1F68E-BA1E-4D3D-8EF7-EF6C09AF8D99}
		{2382626D-305D-4744-AE40-DF99D68448D1} = {7E405C25-776F-42FE-B02C-EE46F720B1AE}
		{72614254-728C-44B4-B294-857382287220} = {68E01BC7-57A0-4E88-8E48-FB29D50F491F}
		{037608FA-E395-4795-9B1B-FE0D8F1812C9} = {29B781E9-97B3-4ED0-A068-B385B0B54945}
		{5F289F24-5341-43AE-B0F8-8747C893CAE9} = {3F267706-EF74-46CF-909F-DFC369949E30}
	EndGlobalSection
	GlobalSection(ExtensibilityGlobals) = postSolution
		SolutionGuid = {66248534-6C5D-40E4-9788-92C02F187B1A}
	EndGlobalSection
EndGlobal
